# THIS IS AN AUTOGENERATED FILE. DO NOT EDIT THIS FILE DIRECTLY.
# yarn lockfile v1


backbone.marionette@^4.1.2:
  version "4.1.2"
  resolved "https://registry.yarnpkg.com/backbone.marionette/-/backbone.marionette-4.1.2.tgz#55de74363219f6d5c343dab5bff6aeb20fc44419"
  integrity sha512-T8wWxZZnuYjylONTnWZsGsgXtdx2ZrE38pZWJI9LmPqzYK5j0T8uduapFO7OEpsW5rtdbBgwof30xhzAkbb5eQ==
  dependencies:
    backbone.radio "^2.0.0"

backbone.radio@^2.0.0:
  version "2.0.0"
  resolved "https://registry.yarnpkg.com/backbone.radio/-/backbone.radio-2.0.0.tgz#bbe8672b373e313f99f36d2fbcf583fe77d04f42"
  integrity sha1-u+hnKzc+MT+Z820vvPWD/nfQT0I=

backbone@^1.4.0:
  version "1.4.0"
  resolved "https://registry.yarnpkg.com/backbone/-/backbone-1.4.0.tgz#54db4de9df7c3811c3f032f34749a4cd27f3bd12"
  integrity sha512-RLmDrRXkVdouTg38jcgHhyQ/2zjg7a8E6sz2zxfz21Hh17xDJYUHBZimVIt5fUyS8vbfpeSmTL3gUjTEvUV3qQ==
  dependencies:
    underscore ">=1.8.3"

jquery@^3.4.1:
  version "3.4.1"
  resolved "https://registry.yarnpkg.com/jquery/-/jquery-3.4.1.tgz#714f1f8d9dde4bdfa55764ba37ef214630d80ef2"
  integrity sha512-36+AdBzCL+y6qjw5Tx7HgzeGCzC81MDDgaUP8ld2zhx58HdqXGoBd+tHdrBMiyjGQs0Hxs/MLZTu/eHNJJuWPw==

underscore@>=1.8.3, underscore@^1.9.1:
  version "1.9.1"
  resolved "https://registry.yarnpkg.com/underscore/-/underscore-1.9.1.tgz#06dce34a0e68a7babc29b365b8e74b8925203961"
  integrity sha512-5/4etnCkd9c8gwgowi5/om/mYO5ajCaOgdzj/oW+0eQV9WxKBDZw5+ycmKmeaTXjInS/W0BzpGLo2xR2aBwZdg==
